
Microsoft Visual Studio Solution File, Format Version 12.00
# Visual Studio Version 16
VisualStudioVersion = 16.0.29418.71
MinimumVisualStudioVersion = 10.0.40219.1
Project("{9A19103F-16F7-4668-BE54-9A1E7A4F7556}") = "ProductReviewSentimentBlazorApp", "ProductReviewSentimentBlazorApp/ProductReviewSentimentBlazorApp.csproj", "{DEDDF008-CC8C-4A29-AF16-F3FB112D573F}"
EndProject
Global
	GlobalSection(SolutionConfigurationPlatforms) = preSolution
		Debug|Any CPU = Debug|Any CPU
		Release|Any CPU = Release|Any CPU
	EndGlobalSection
	GlobalSection(ProjectConfigurationPlatforms) = postSolution
		{DEDDF008-CC8C-4A29-AF16-F3FB112D573F}.Debug|Any CPU.ActiveCfg = Debug|Any CPU
		{DEDDF008-CC8C-4A29-AF16-F3FB112D573F}.Debug|Any CPU.Build.0 = Debug|Any CPU
		{DEDDF008-CC8C-4A29-AF16-F3FB112D573F}.Release|Any CPU.ActiveCfg = Release|Any CPU
		{DEDDF008-CC8C-4A29-AF16-F3FB112D573F}.Release|Any CPU.Build.0 = Release|Any CPU
	EndGlobalSection
	GlobalSection(SolutionProperties) = preSolution
		HideSolutionNode = FALSE
	EndGlobalSection
	GlobalSection(ExtensibilityGlobals) = postSolution
		SolutionGuid = {5AF18E56-0F60-431B-8A41-32CA681CF53C}
	EndGlobalSection
EndGlobal
